
Microsoft Visual Studio Solution File, Format Version 12.00
# Visual Studio 15
VisualStudioVersion = 15.0.27428.2015
MinimumVisualStudioVersion = 10.0.40219.1
Project("{FAE04EC0-301F-11D3-BF4B-00C04F79EFBC}") = "MirapolParser", "MirapolParser\MirapolParser.csproj", "{D3C8DBD3-AE43-405C-9A2D-41F3E0C6EFAF}"
EndProject
Global
	GlobalSection(SolutionConfigurationPlatforms) = preSolution
		Debug|Any CPU = Debug|Any CPU
		Release|Any CPU = Release|Any CPU
	EndGlobalSection
	GlobalSection(ProjectConfigurationPlatforms) = postSolution
		{D3C8DBD3-AE43-405C-9A2D-41F3E0C6EFAF}.Debug|Any CPU.ActiveCfg = Debug|Any CPU
		{D3C8DBD3-AE43-405C-9A2D-41F3E0C6EFAF}.Debug|Any CPU.Build.0 = Debug|Any CPU
		{D3C8DBD3-AE43-405C-9A2D-41F3E0C6EFAF}.Release|Any CPU.ActiveCfg = Release|Any CPU
		{D3C8DBD3-AE43-405C-9A2D-41F3E0C6EFAF}.Release|Any CPU.Build.0 = Release|Any CPU
	EndGlobalSection
	GlobalSection(SolutionProperties) = preSolution
		HideSolutionNode = FALSE
	EndGlobalSection
	GlobalSection(ExtensibilityGlobals) = postSolution
		SolutionGuid = {73723017-0CE6-43F0-93E5-31F917E21DEF}
	EndGlobalSection
EndGlobal
